
Microsoft Visual Studio Solution File, Format Version 12.00
# Visual Studio Version 16
VisualStudioVersion = 16.0.31605.320
MinimumVisualStudioVersion = 10.0.40219.1
Project("{FAE04EC0-301F-11D3-BF4B-00C04F79EFBC}") = "internship-project.Server", "internship-project\Server\internship-project.Server.csproj", "{3E25590F-2EDC-4293-87C5-E8D0FFA58D0E}"
EndProject
Project("{FAE04EC0-301F-11D3-BF4B-00C04F79EFBC}") = "internship-project.Client", "internship-project\Client\internship-project.Client.csproj", "{2CBDDD82-475E-453F-8621-E2345969EFBB}"
EndProject
Project("{FAE04EC0-301F-11D3-BF4B-00C04F79EFBC}") = "internship-project.Shared", "internship-project\Shared\internship-project.Shared.csproj", "{9F4B50EB-73E9-4708-BAFA-582111042AF6}"
EndProject
Global
	GlobalSection(SolutionConfigurationPlatforms) = preSolution
		Debug|Any CPU = Debug|Any CPU
		Release|Any CPU = Release|Any CPU
	EndGlobalSection
	GlobalSection(ProjectConfigurationPlatforms) = postSolution
		{3E25590F-2EDC-4293-87C5-E8D0FFA58D0E}.Debug|Any CPU.ActiveCfg = Debug|Any CPU
		{3E25590F-2EDC-4293-87C5-E8D0FFA58D0E}.Debug|Any CPU.Build.0 = Debug|Any CPU
		{3E25590F-2EDC-4293-87C5-E8D0FFA58D0E}.Release|Any CPU.ActiveCfg = Release|Any CPU
		{3E25590F-2EDC-4293-87C5-E8D0FFA58D0E}.Release|Any CPU.Build.0 = Release|Any CPU
		{2CBDDD82-475E-453F-8621-E2345969EFBB}.Debug|Any CPU.ActiveCfg = Debug|Any CPU
		{2CBDDD82-475E-453F-8621-E2345969EFBB}.Debug|Any CPU.Build.0 = Debug|Any CPU
		{2CBDDD82-475E-453F-8621-E2345969EFBB}.Release|Any CPU.ActiveCfg = Release|Any CPU
		{2CBDDD82-475E-453F-8621-E2345969EFBB}.Release|Any CPU.Build.0 = Release|Any CPU
		{9F4B50EB-73E9-4708-BAFA-582111042AF6}.Debug|Any CPU.ActiveCfg = Debug|Any CPU
		{9F4B50EB-73E9-4708-BAFA-582111042AF6}.Debug|Any CPU.Build.0 = Debug|Any CPU
		{9F4B50EB-73E9-4708-BAFA-582111042AF6}.Release|Any CPU.ActiveCfg = Release|Any CPU
		{9F4B50EB-73E9-4708-BAFA-582111042AF6}.Release|Any CPU.Build.0 = Release|Any CPU
	EndGlobalSection
	GlobalSection(SolutionProperties) = preSolution
		HideSolutionNode = FALSE
	EndGlobalSection
	GlobalSection(ExtensibilityGlobals) = postSolution
		SolutionGuid = {49B0914E-76DF-4B51-8400-4E060EB45CC7}
	EndGlobalSection
EndGlobal
